
Microsoft Visual Studio Solution File, Format Version 12.00
# Visual Studio 15
VisualStudioVersion = 15.0.28307.1525
MinimumVisualStudioVersion = 10.0.40219.1
Project("{FAE04EC0-301F-11D3-BF4B-00C04F79EFBC}") = "AspDoNetCoreWebApplicationDemo", "AspDoNetCoreWebApplicationDemo\AspDoNetCoreWebApplicationDemo.csproj", "{FA86A5A9-2E19-4F70-A32B-AE6CAB1F1873}"
EndProject
Global
	GlobalSection(SolutionConfigurationPlatforms) = preSolution
		Debug|Any CPU = Debug|Any CPU
		Release|Any CPU = Release|Any CPU
	EndGlobalSection
	GlobalSection(ProjectConfigurationPlatforms) = postSolution
		{FA86A5A9-2E19-4F70-A32B-AE6CAB1F1873}.Debug|Any CPU.ActiveCfg = Debug|Any CPU
		{FA86A5A9-2E19-4F70-A32B-AE6CAB1F1873}.Debug|Any CPU.Build.0 = Debug|Any CPU
		{FA86A5A9-2E19-4F70-A32B-AE6CAB1F1873}.Release|Any CPU.ActiveCfg = Release|Any CPU
		{FA86A5A9-2E19-4F70-A32B-AE6CAB1F1873}.Release|Any CPU.Build.0 = Release|Any CPU
	EndGlobalSection
	GlobalSection(SolutionProperties) = preSolution
		HideSolutionNode = FALSE
	EndGlobalSection
	GlobalSection(ExtensibilityGlobals) = postSolution
		SolutionGuid = {D679E3E3-4E3D-4B52-A6D3-36A465B14CF7}
	EndGlobalSection
EndGlobal
